
Microsoft Visual Studio Solution File, Format Version 12.00
# Visual Studio Version 17
VisualStudioVersion = 17.11.35312.102
MinimumVisualStudioVersion = 10.0.40219.1
Project("{FAE04EC0-301F-11D3-BF4B-00C04F79EFBC}") = "TaskMaster", "TaskMaster\TaskMaster.csproj", "{A949B46C-2453-4A7D-AAFD-2E1F032E1D9B}"
EndProject
Global
	GlobalSection(SolutionConfigurationPlatforms) = preSolution
		Debug|Any CPU = Debug|Any CPU
		Release|Any CPU = Release|Any CPU
	EndGlobalSection
	GlobalSection(ProjectConfigurationPlatforms) = postSolution
		{A949B46C-2453-4A7D-AAFD-2E1F032E1D9B}.Debug|Any CPU.ActiveCfg = Debug|Any CPU
		{A949B46C-2453-4A7D-AAFD-2E1F032E1D9B}.Debug|Any CPU.Build.0 = Debug|Any CPU
		{A949B46C-2453-4A7D-AAFD-2E1F032E1D9B}.Release|Any CPU.ActiveCfg = Release|Any CPU
		{A949B46C-2453-4A7D-AAFD-2E1F032E1D9B}.Release|Any CPU.Build.0 = Release|Any CPU
	EndGlobalSection
	GlobalSection(SolutionProperties) = preSolution
		HideSolutionNode = FALSE
	EndGlobalSection
	GlobalSection(ExtensibilityGlobals) = postSolution
		SolutionGuid = {FA8CD189-3311-451F-A244-D4AD3FCA1E61}
	EndGlobalSection
EndGlobal
